// !$*UTF8*$!
{
	archiveVersion = 1;
	classes = {
	};
	objectVersion = 46;
	objects = {

/* Begin PBXBuildFile section */
		618BC5081BEBFC5A005B0A61 /* AppDelegate.swift in Sources */ = {isa = PBXBuildFile; fileRef = 618BC5071BEBFC5A005B0A61 /* AppDelegate.swift */; };
		618BC50A1BEBFC5A005B0A61 /* ViewController.swift in Sources */ = {isa = PBXBuildFile; fileRef = 618BC5091BEBFC5A005B0A61 /* ViewController.swift */; };
		618BC50D1BEBFC5A005B0A61 /* Main.storyboard in Resources */ = {isa = PBXBuildFile; fileRef = 618BC50B1BEBFC5A005B0A61 /* Main.storyboard */; };
		618BC50F1BEBFC5A005B0A61 /* Assets.xcassets in Resources */ = {isa = PBXBuildFile; fileRef = 618BC50E1BEBFC5A005B0A61 /* Assets.xcassets */; };
		618BC5121BEBFC5A005B0A61 /* LaunchScreen.storyboard in Resources */ = {isa = PBXBuildFile; fileRef = 618BC5101BEBFC5A005B0A61 /* LaunchScreen.storyboard */; };
		618BC51D1BEBFC5A005B0A61 /* CanvasTests.swift in Sources */ = {isa = PBXBuildFile; fileRef = 618BC51C1BEBFC5A005B0A61 /* CanvasTests.swift */; };
		618BC5281BEBFC5A005B0A61 /* CanvasUITests.swift in Sources */ = {isa = PBXBuildFile; fileRef = 618BC5271BEBFC5A005B0A61 /* CanvasUITests.swift */; };
		618BC5361BEBFCC4005B0A61 /* CanvasViewController.swift in Sources */ = {isa = PBXBuildFile; fileRef = 618BC5351BEBFCC4005B0A61 /* CanvasViewController.swift */; };
/* End PBXBuildFile section */

/* Begin PBXContainerItemProxy section */
		618BC5191BEBFC5A005B0A61 /* PBXContainerItemProxy */ = {
			isa = PBXContainerItemProxy;
			containerPortal = 618BC4FC1BEBFC5A005B0A61 /* Project object */;
			proxyType = 1;
			remoteGlobalIDString = 618BC5031BEBFC5A005B0A61;
			remoteInfo = Canvas;
		};
		618BC5241BEBFC5A005B0A61 /* PBXContainerItemProxy */ = {
			isa = PBXContainerItemProxy;
			containerPortal = 618BC4FC1BEBFC5A005B0A61 /* Project object */;
			proxyType = 1;
			remoteGlobalIDString = 618BC5031BEBFC5A005B0A61;
			remoteInfo = Canvas;
		};
/* End PBXContainerItemProxy section */

/* Begin PBXFileReference section */
		618BC5041BEBFC5A005B0A61 /* Canvas.app */ = {isa = PBXFileReference; explicitFileType = wrapper.application; includeInIndex = 0; path = Canvas.app; sourceTree = BUILT_PRODUCTS_DIR; };
		618BC5071BEBFC5A005B0A61 /* AppDelegate.swift */ = {isa = PBXFileReference; lastKnownFileType = sourcecode.swift; path = AppDelegate.swift; sourceTree = "<group>"; };
		618BC5091BEBFC5A005B0A61 /* ViewController.swift */ = {isa = PBXFileReference; lastKnownFileType = sourcecode.swift; path = ViewController.swift; sourceTree = "<group>"; };
		618BC50C1BEBFC5A005B0A61 /* Base */ = {isa = PBXFileReference; lastKnownFileType = file.storyboard; name = Base; path = Base.lproj/Main.storyboard; sourceTree = "<group>"; };
		618BC50E1BEBFC5A005B0A61 /* Assets.xcassets */ = {isa = PBXFileReference; lastKnownFileType = folder.assetcatalog; path = Assets.xcassets; sourceTree = "<group>"; };
		618BC5111BEBFC5A005B0A61 /* Base */ = {isa = PBXFileReference; lastKnownFileType = file.storyboard; name = Base; path = Base.lproj/LaunchScreen.storyboard; sourceTree = "<group>"; };
		618BC5131BEBFC5A005B0A61 /* Info.plist */ = {isa = PBXFileReference; lastKnownFileType = text.plist.xml; path = Info.plist; sourceTree = "<group>"; };
		618BC5181BEBFC5A005B0A61 /* CanvasTests.xctest */ = {isa = PBXFileReference; explicitFileType = wrapper.cfbundle; includeInIndex = 0; path = CanvasTests.xctest; sourceTree = BUILT_PRODUCTS_DIR; };
		618BC51C1BEBFC5A005B0A61 /* CanvasTests.swift */ = {isa = PBXFileReference; lastKnownFileType = sourcecode.swift; path = CanvasTests.swift; sourceTree = "<group>"; };
		618BC51E1BEBFC5A005B0A61 /* Info.plist */ = {isa = PBXFileReference; lastKnownFileType = text.plist.xml; path = Info.plist; sourceTree = "<group>"; };
		618BC5231BEBFC5A005B0A61 /* CanvasUITests.xctest */ = {isa = PBXFileReference; explicitFileType = wrapper.cfbundle; includeInIndex = 0; path = CanvasUITests.xctest; sourceTree = BUILT_PRODUCTS_DIR; };
		618BC5271BEBFC5A005B0A61 /* CanvasUITests.swift */ = {isa = PBXFileReference; lastKnownFileType = sourcecode.swift; path = CanvasUITests.swift; sourceTree = "<group>"; };
		618BC5291BEBFC5A005B0A61 /* Info.plist */ = {isa = PBXFileReference; lastKnownFileType = text.plist.xml; path = Info.plist; sourceTree = "<group>"; };
		618BC5351BEBFCC4005B0A61 /* CanvasViewController.swift */ = {isa = PBXFileReference; fileEncoding = 4; lastKnownFileType = sourcecode.swift; path = CanvasViewController.swift; sourceTree = "<group>"; };
/* End PBXFileReference section */

/* Begin PBXFrameworksBuildPhase section */
		618BC5011BEBFC5A005B0A61 /* Frameworks */ = {
			isa = PBXFrameworksBuildPhase;
			buildActionMask = 2147483647;
			files = (
			);
			runOnlyForDeploymentPostprocessing = 0;
		};
		618BC5151BEBFC5A005B0A61 /* Frameworks */ = {
			isa = PBXFrameworksBuildPhase;
			buildActionMask = 2147483647;
			files = (
			);
			runOnlyForDeploymentPostprocessing = 0;
		};
		618BC5201BEBFC5A005B0A61 /* Frameworks */ = {
			isa = PBXFrameworksBuildPhase;
			buildActionMask = 2147483647;
			files = (
			);
			runOnlyForDeploymentPostprocessing = 0;
		};
/* End PBXFrameworksBuildPhase section */

/* Begin PBXGroup section */
		618BC4FB1BEBFC5A005B0A61 = {
			isa = PBXGroup;
			children = (
				618BC5061BEBFC5A005B0A61 /* Canvas */,
				618BC51B1BEBFC5A005B0A61 /* CanvasTests */,
				618BC5261BEBFC5A005B0A61 /* CanvasUITests */,
				618BC5051BEBFC5A005B0A61 /* Products */,
			);
			sourceTree = "<group>";
		};
		618BC5051BEBFC5A005B0A61 /* Products */ = {
			isa = PBXGroup;
			children = (
				618BC5041BEBFC5A005B0A61 /* Canvas.app */,
				618BC5181BEBFC5A005B0A61 /* CanvasTests.xctest */,
				618BC5231BEBFC5A005B0A61 /* CanvasUITests.xctest */,
			);
			name = Products;
			sourceTree = "<group>";
		};
		618BC5061BEBFC5A005B0A61 /* Canvas */ = {
			isa = PBXGroup;
			children = (
				618BC5071BEBFC5A005B0A61 /* AppDelegate.swift */,
				618BC5091BEBFC5A005B0A61 /* ViewController.swift */,
				618BC50B1BEBFC5A005B0A61 /* Main.storyboard */,
				618BC5351BEBFCC4005B0A61 /* CanvasViewController.swift */,
				618BC50E1BEBFC5A005B0A61 /* Assets.xcassets */,
				618BC5101BEBFC5A005B0A61 /* LaunchScreen.storyboard */,
				618BC5131BEBFC5A005B0A61 /* Info.plist */,
			);
			path = Canvas;
			sourceTree = "<group>";
		};
		618BC51B1BEBFC5A005B0A61 /* CanvasTests */ = {
			isa = PBXGroup;
			children = (
				618BC51C1BEBFC5A005B0A61 /* CanvasTests.swift */,
				618BC51E1BEBFC5A005B0A61 /* Info.plist */,
			);
			path = CanvasTests;
			sourceTree = "<group>";
		};
		618BC5261BEBFC5A005B0A61 /* CanvasUITests */ = {
			isa = PBXGroup;
			children = (
				618BC5271BEBFC5A005B0A61 /* CanvasUITests.swift */,
				618BC5291BEBFC5A005B0A61 /* Info.plist */,
			);
			path = CanvasUITests;
			sourceTree = "<group>";
		};
/* End PBXGroup section */

/* Begin PBXNativeTarget section */
		618BC5031BEBFC5A005B0A61 /* Canvas */ = {
			isa = PBXNativeTarget;
			buildConfigurationList = 618BC52C1BEBFC5A005B0A61 /* Build configuration list for PBXNativeTarget "Canvas" */;
			buildPhases = (
				618BC5001BEBFC5A005B0A61 /* Sources */,
				618BC5011BEBFC5A005B0A61 /* Frameworks */,
				618BC5021BEBFC5A005B0A61 /* Resources */,
			);
			buildRules = (
			);
			dependencies = (
			);
			name = Canvas;
			productName = Canvas;
			productReference = 618BC5041BEBFC5A005B0A61 /* Canvas.app */;
			productType = "com.apple.product-type.application";
		};
		618BC5171BEBFC5A005B0A61 /* CanvasTests */ = {
			isa = PBXNativeTarget;
			buildConfigurationList = 618BC52F1BEBFC5A005B0A61 /* Build configuration list for PBXNativeTarget "CanvasTests" */;
			buildPhases = (
				618BC5141BEBFC5A005B0A61 /* Sources */,
				618BC5151BEBFC5A005B0A61 /* Frameworks */,
				618BC5161BEBFC5A005B0A61 /* Resources */,
			);
			buildRules = (
			);
			dependencies = (
				618BC51A1BEBFC5A005B0A61 /* PBXTargetDependency */,
			);
			name = CanvasTests;
			productName = CanvasTests;
			productReference = 618BC5181BEBFC5A005B0A61 /* CanvasTests.xctest */;
			productType = "com.apple.product-type.bundle.unit-test";
		};
		618BC5221BEBFC5A005B0A61 /* CanvasUITests */ = {
			isa = PBXNativeTarget;
			buildConfigurationList = 618BC5321BEBFC5A005B0A61 /* Build configuration list for PBXNativeTarget "CanvasUITests" */;
			buildPhases = (
				618BC51F1BEBFC5A005B0A61 /* Sources */,
				618BC5201BEBFC5A005B0A61 /* Frameworks */,
				618BC5211BEBFC5A005B0A61 /* Resources */,
			);
			buildRules = (
			);
			dependencies = (
				618BC5251BEBFC5A005B0A61 /* PBXTargetDependency */,
			);
			name = CanvasUITests;
			productName = CanvasUITests;
			productReference = 618BC5231BEBFC5A005B0A61 /* CanvasUITests.xctest */;
			productType = "com.apple.product-type.bundle.ui-testing";
		};
/* End PBXNativeTarget section */

/* Begin PBXProject section */
		618BC4FC1BEBFC5A005B0A61 /* Project object */ = {
			isa = PBXProject;
			attributes = {
				LastSwiftUpdateCheck = 0710;
				LastUpgradeCheck = 0710;
				ORGANIZATIONNAME = "Cody Evol";
				TargetAttributes = {
					618BC5031BEBFC5A005B0A61 = {
						CreatedOnToolsVersion = 7.1;
						DevelopmentTeam = AX58DZ45MU;
					};
					618BC5171BEBFC5A005B0A61 = {
						CreatedOnToolsVersion = 7.1;
						DevelopmentTeam = AX58DZ45MU;
						TestTargetID = 618BC5031BEBFC5A005B0A61;
					};
					618BC5221BEBFC5A005B0A61 = {
						CreatedOnToolsVersion = 7.1;
						DevelopmentTeam = AX58DZ45MU;
						TestTargetID = 618BC5031BEBFC5A005B0A61;
					};
				};
			};
			buildConfigurationList = 618BC4FF1BEBFC5A005B0A61 /* Build configuration list for PBXProject "Canvas" */;
			compatibilityVersion = "Xcode 3.2";
			developmentRegion = English;
			hasScannedForEncodings = 0;
			knownRegions = (
				en,
				Base,
			);
			mainGroup = 618BC4FB1BEBFC5A005B0A61;
			productRefGroup = 618BC5051BEBFC5A005B0A61 /* Products */;
			projectDirPath = "";
			projectRoot = "";
			targets = (
				618BC5031BEBFC5A005B0A61 /* Canvas */,
				618BC5171BEBFC5A005B0A61 /* CanvasTests */,
				618BC5221BEBFC5A005B0A61 /* CanvasUITests */,
			);
		};
/* End PBXProject section */

/* Begin PBXResourcesBuildPhase section */
		618BC5021BEBFC5A005B0A61 /* Resources */ = {
			isa = PBXResourcesBuildPhase;
			buildActionMask = 2147483647;
			files = (
				618BC5121BEBFC5A005B0A61 /* LaunchScreen.storyboard in Resources */,
				618BC50F1BEBFC5A005B0A61 /* Assets.xcassets in Resources */,
				618BC50D1BEBFC5A005B0A61 /* Main.storyboard in Resources */,
			);
			runOnlyForDeploymentPostprocessing = 0;
		};
		618BC5161BEBFC5A005B0A61 /* Resources */ = {
			isa = PBXResourcesBuildPhase;
			buildActionMask = 2147483647;
			files = (
			);
			runOnlyForDeploymentPostprocessing = 0;
		};
		618BC5211BEBFC5A005B0A61 /* Resources */ = {
			isa = PBXResourcesBuildPhase;
			buildActionMask = 2147483647;
			files = (
			);
			runOnlyForDeploymentPostprocessing = 0;
		};
/* End PBXResourcesBuildPhase section */

/* Begin PBXSourcesBuildPhase section */
		618BC5001BEBFC5A005B0A61 /* Sources */ = {
			isa = PBXSourcesBuildPhase;
			buildActionMask = 2147483647;
			files = (
				618BC50A1BEBFC5A005B0A61 /* ViewController.swift in Sources */,
				618BC5361BEBFCC4005B0A61 /* CanvasViewController.swift in Sources */,
				618BC5081BEBFC5A005B0A61 /* AppDelegate.swift in Sources */,
			);
			runOnlyForDeploymentPostprocessing = 0;
		};
		618BC5141BEBFC5A005B0A61 /* Sources */ = {
			isa = PBXSourcesBuildPhase;
			buildActionMask = 2147483647;
			files = (
				618BC51D1BEBFC5A005B0A61 /* CanvasTests.swift in Sources */,
			);
			runOnlyForDeploymentPostprocessing = 0;
		};
		618BC51F1BEBFC5A005B0A61 /* Sources */ = {
			isa = PBXSourcesBuildPhase;
			buildActionMask = 2147483647;
			files = (
				618BC5281BEBFC5A005B0A61 /* CanvasUITests.swift in Sources */,
			);
			runOnlyForDeploymentPostprocessing = 0;
		};
/* End PBXSourcesBuildPhase section */

/* Begin PBXTargetDependency section */
		618BC51A1BEBFC5A005B0A61 /* PBXTargetDependency */ = {
			isa = PBXTargetDependency;
			target = 618BC5031BEBFC5A005B0A61 /* Canvas */;
			targetProxy = 618BC5191BEBFC5A005B0A61 /* PBXContainerItemProxy */;
		};
		618BC5251BEBFC5A005B0A61 /* PBXTargetDependency */ = {
			isa = PBXTargetDependency;
			target = 618BC5031BEBFC5A005B0A61 /* Canvas */;
			targetProxy = 618BC5241BEBFC5A005B0A61 /* PBXContainerItemProxy */;
		};
/* End PBXTargetDependency section */

/* Begin PBXVariantGroup section */
		618BC50B1BEBFC5A005B0A61 /* Main.storyboard */ = {
			isa = PBXVariantGroup;
			children = (
				618BC50C1BEBFC5A005B0A61 /* Base */,
			);
			name = Main.storyboard;
			sourceTree = "<group>";
		};
		618BC5101BEBFC5A005B0A61 /* LaunchScreen.storyboard */ = {
			isa = PBXVariantGroup;
			children = (
				618BC5111BEBFC5A005B0A61 /* Base */,
			);
			name = LaunchScreen.storyboard;
			sourceTree = "<group>";
		};
/* End PBXVariantGroup section */

/* Begin XCBuildConfiguration section */
		618BC52A1BEBFC5A005B0A61 /* Debug */ = {
			isa = XCBuildConfiguration;
			buildSettings = {
				ALWAYS_SEARCH_USER_PATHS = NO;
				CLANG_CXX_LANGUAGE_STANDARD = "gnu++0x";
				CLANG_CXX_LIBRARY = "libc++";
				CLANG_ENABLE_MODULES = YES;
				CLANG_ENABLE_OBJC_ARC = YES;
				CLANG_WARN_BOOL_CONVERSION = YES;
				CLANG_WARN_CONSTANT_CONVERSION = YES;
				CLANG_WARN_DIRECT_OBJC_ISA_USAGE = YES_ERROR;
				CLANG_WARN_EMPTY_BODY = YES;
				CLANG_WARN_ENUM_CONVERSION = YES;
				CLANG_WARN_INT_CONVERSION = YES;
				CLANG_WARN_OBJC_ROOT_CLASS = YES_ERROR;
				CLANG_WARN_UNREACHABLE_CODE = YES;
				CLANG_WARN__DUPLICATE_METHOD_MATCH = YES;
				"CODE_SIGN_IDENTITY[sdk=iphoneos*]" = "iPhone Developer";
				COPY_PHASE_STRIP = NO;
				DEBUG_INFORMATION_FORMAT = dwarf;
				ENABLE_STRICT_OBJC_MSGSEND = YES;
				ENABLE_TESTABILITY = YES;
				GCC_C_LANGUAGE_STANDARD = gnu99;
				GCC_DYNAMIC_NO_PIC = NO;
				GCC_NO_COMMON_BLOCKS = YES;
				GCC_OPTIMIZATION_LEVEL = 0;
				GCC_PREPROCESSOR_DEFINITIONS = (
					"DEBUG=1",
					"$(inherited)",
				);
				GCC_WARN_64_TO_32_BIT_CONVERSION = YES;
				GCC_WARN_ABOUT_RETURN_TYPE = YES_ERROR;
				GCC_WARN_UNDECLARED_SELECTOR = YES;
				GCC_WARN_UNINITIALIZED_AUTOS = YES_AGGRESSIVE;
				GCC_WARN_UNUSED_FUNCTION = YES;
				GCC_WARN_UNUSED_VARIABLE = YES;
				IPHONEOS_DEPLOYMENT_TARGET = 9.1;
				MTL_ENABLE_DEBUG_INFO = YES;
				ONLY_ACTIVE_ARCH = YES;
				SDKROOT = iphoneos;
				SWIFT_OPTIMIZATION_LEVEL = "-Onone";
			};
			name = Debug;
		};
		618BC52B1BEBFC5A005B0A61 /* Release */ = {
			isa = XCBuildConfiguration;
			buildSettings = {
				ALWAYS_SEARCH_USER_PATHS = NO;
				CLANG_CXX_LANGUAGE_STANDARD = "gnu++0x";
				CLANG_CXX_LIBRARY = "libc++";
				CLANG_ENABLE_MODULES = YES;
				CLANG_ENABLE_OBJC_ARC = YES;
				CLANG_WARN_BOOL_CONVERSION = YES;
				CLANG_WARN_CONSTANT_CONVERSION = YES;
				CLANG_WARN_DIRECT_OBJC_ISA_USAGE = YES_ERROR;
				CLANG_WARN_EMPTY_BODY = YES;
				CLANG_WARN_ENUM_CONVERSION = YES;
				CLANG_WARN_INT_CONVERSION = YES;
				CLANG_WARN_OBJC_ROOT_CLASS = YES_ERROR;
				CLANG_WARN_UNREACHABLE_CODE = YES;
				CLANG_WARN__DUPLICATE_METHOD_MATCH = YES;
				"CODE_SIGN_IDENTITY[sdk=iphoneos*]" = "iPhone Developer";
				COPY_PHASE_STRIP = NO;
				DEBUG_INFORMATION_FORMAT = "dwarf-with-dsym";
				ENABLE_NS_ASSERTIONS = NO;
				ENABLE_STRICT_OBJC_MSGSEND = YES;
				GCC_C_LANGUAGE_STANDARD = gnu99;
				GCC_NO_COMMON_BLOCKS = YES;
				GCC_WARN_64_TO_32_BIT_CONVERSION = YES;
				GCC_WARN_ABOUT_RETURN_TYPE = YES_ERROR;
				GCC_WARN_UNDECLARED_SELECTOR = YES;
				GCC_WARN_UNINITIALIZED_AUTOS = YES_AGGRESSIVE;
				GCC_WARN_UNUSED_FUNCTION = YES;
				GCC_WARN_UNUSED_VARIABLE = YES;
				IPHONEOS_DEPLOYMENT_TARGET = 9.1;
				MTL_ENABLE_DEBUG_INFO = NO;
				SDKROOT = iphoneos;
				VALIDATE_PRODUCT = YES;
			};
			name = Release;
		};
		618BC52D1BEBFC5A005B0A61 /* Debug */ = {
			isa = XCBuildConfiguration;
			buildSettings = {
				ASSETCATALOG_COMPILER_APPICON_NAME = AppIcon;
				INFOPLIST_FILE = Canvas/Info.plist;
				LD_RUNPATH_SEARCH_PATHS = "$(inherited) @executable_path/Frameworks";
				PRODUCT_BUNDLE_IDENTIFIER = Cody.Canvas;
				PRODUCT_NAME = "$(TARGET_NAME)";
			};
			name = Debug;
		};
		618BC52E1BEBFC5A005B0A61 /* Release */ = {
			isa = XCBuildConfiguration;
			buildSettings = {
				ASSETCATALOG_COMPILER_APPICON_NAME = AppIcon;
				INFOPLIST_FILE = Canvas/Info.plist;
				LD_RUNPATH_SEARCH_PATHS = "$(inherited) @executable_path/Frameworks";
				PRODUCT_BUNDLE_IDENTIFIER = Cody.Canvas;
				PRODUCT_NAME = "$(TARGET_NAME)";
			};
			name = Release;
		};
		618BC5301BEBFC5A005B0A61 /* Debug */ = {
			isa = XCBuildConfiguration;
			buildSettings = {
				BUNDLE_LOADER = "$(TEST_HOST)";
				INFOPLIST_FILE = CanvasTests/Info.plist;
				LD_RUNPATH_SEARCH_PATHS = "$(inherited) @executable_path/Frameworks @loader_path/Frameworks";
				PRODUCT_BUNDLE_IDENTIFIER = Cody.CanvasTests;
				PRODUCT_NAME = "$(TARGET_NAME)";
				TEST_HOST = "$(BUILT_PRODUCTS_DIR)/Canvas.app/Canvas";
			};
			name = Debug;
		};
		618BC5311BEBFC5A005B0A61 /* Release */ = {
			isa = XCBuildConfiguration;
			buildSettings = {
				BUNDLE_LOADER = "$(TEST_HOST)";
				INFOPLIST_FILE = CanvasTests/Info.plist;
				LD_RUNPATH_SEARCH_PATHS = "$(inherited) @executable_path/Frameworks @loader_path/Frameworks";
				PRODUCT_BUNDLE_IDENTIFIER = Cody.CanvasTests;
				PRODUCT_NAME = "$(TARGET_NAME)";
				TEST_HOST = "$(BUILT_PRODUCTS_DIR)/Canvas.app/Canvas";
			};
			name = Release;
		};
		618BC5331BEBFC5A005B0A61 /* Debug */ = {
			isa = XCBuildConfiguration;
			buildSettings = {
				INFOPLIST_FILE = CanvasUITests/Info.plist;
				LD_RUNPATH_SEARCH_PATHS = "$(inherited) @executable_path/Frameworks @loader_path/Frameworks";
				PRODUCT_BUNDLE_IDENTIFIER = Cody.CanvasUITests;
				PRODUCT_NAME = "$(TARGET_NAME)";
				TEST_TARGET_NAME = Canvas;
				USES_XCTRUNNER = YES;
			};
			name = Debug;
		};
		618BC5341BEBFC5A005B0A61 /* Release */ = {
			isa = XCBuildConfiguration;
			buildSettings = {
				INFOPLIST_FILE = CanvasUITests/Info.plist;
				LD_RUNPATH_SEARCH_PATHS = "$(inherited) @executable_path/Frameworks @loader_path/Frameworks";
				PRODUCT_BUNDLE_IDENTIFIER = Cody.CanvasUITests;
				PRODUCT_NAME = "$(TARGET_NAME)";
				TEST_TARGET_NAME = Canvas;
				USES_XCTRUNNER = YES;
			};
			name = Release;
		};
/* End XCBuildConfiguration section */

/* Begin XCConfigurationList section */
		618BC4FF1BEBFC5A005B0A61 /* Build configuration list for PBXProject "Canvas" */ = {
			isa = XCConfigurationList;
			buildConfigurations = (
				618BC52A1BEBFC5A005B0A61 /* Debug */,
				618BC52B1BEBFC5A005B0A61 /* Release */,
			);
			defaultConfigurationIsVisible = 0;
			defaultConfigurationName = Release;
		};
		618BC52C1BEBFC5A005B0A61 /* Build configuration list for PBXNativeTarget "Canvas" */ = {
			isa = XCConfigurationList;
			buildConfigurations = (
				618BC52D1BEBFC5A005B0A61 /* Debug */,
				618BC52E1BEBFC5A005B0A61 /* Release */,
			);
			defaultConfigurationIsVisible = 0;
		};
		618BC52F1BEBFC5A005B0A61 /* Build configuration list for PBXNativeTarget "CanvasTests" */ = {
			isa = XCConfigurationList;
			buildConfigurations = (
				618BC5301BEBFC5A005B0A61 /* Debug */,
				618BC5311BEBFC5A005B0A61 /* Release */,
			);
			defaultConfigurationIsVisible = 0;
		};
		618BC5321BEBFC5A005B0A61 /* Build configuration list for PBXNativeTarget "CanvasUITests" */ = {
			isa = XCConfigurationList;
			buildConfigurations = (
				618BC5331BEBFC5A005B0A61 /* Debug */,
				618BC5341BEBFC5A005B0A61 /* Release */,
			);
			defaultConfigurationIsVisible = 0;
		};
/* End XCConfigurationList section */
	};
	rootObject = 618BC4FC1BEBFC5A005B0A61 /* Project object */;
}
